
Microsoft Visual Studio Solution File, Format Version 12.00
# Visual Studio 15
VisualStudioVersion = 15.0.27004.2005
MinimumVisualStudioVersion = 10.0.40219.1
Project("{FAE04EC0-301F-11D3-BF4B-00C04F79EFBC}") = "SimpleApp", "SimpleApp.csproj", "{0830E6DC-D163-4D5A-974F-2BDA930167F0}"
EndProject
Global
	GlobalSection(SolutionConfigurationPlatforms) = preSolution
		Debug|Any CPU = Debug|Any CPU
		Release|Any CPU = Release|Any CPU
	EndGlobalSection
	GlobalSection(ProjectConfigurationPlatforms) = postSolution
		{0830E6DC-D163-4D5A-974F-2BDA930167F0}.Debug|Any CPU.ActiveCfg = Debug|Any CPU
		{0830E6DC-D163-4D5A-974F-2BDA930167F0}.Debug|Any CPU.Build.0 = Debug|Any CPU
		{0830E6DC-D163-4D5A-974F-2BDA930167F0}.Release|Any CPU.ActiveCfg = Release|Any CPU
		{0830E6DC-D163-4D5A-974F-2BDA930167F0}.Release|Any CPU.Build.0 = Release|Any CPU
	EndGlobalSection
	GlobalSection(SolutionProperties) = preSolution
		HideSolutionNode = FALSE
	EndGlobalSection
	GlobalSection(ExtensibilityGlobals) = postSolution
		SolutionGuid = {C7BBCE27-BE47-48D5-BF7C-CF26126079A6}
	EndGlobalSection
EndGlobal
